
Microsoft Visual Studio Solution File, Format Version 12.00
# Visual Studio Version 16
VisualStudioVersion = 16.0.31005.135
MinimumVisualStudioVersion = 10.0.40219.1
Project("{9A19103F-16F7-4668-BE54-9A1E7A4F7556}") = "AdventOfCode2015", "AdventOfCode2015.csproj", "{709C1C66-8CA9-4DBF-837B-CC8C267FACE2}"
EndProject
Project("{9A19103F-16F7-4668-BE54-9A1E7A4F7556}") = "Testing", "..\Testing\Testing.csproj", "{8D8CA830-BA83-43FD-AD72-6057876C7491}"
EndProject
Global
	GlobalSection(SolutionConfigurationPlatforms) = preSolution
		Debug|Any CPU = Debug|Any CPU
		Release|Any CPU = Release|Any CPU
	EndGlobalSection
	GlobalSection(ProjectConfigurationPlatforms) = postSolution
		{709C1C66-8CA9-4DBF-837B-CC8C267FACE2}.Debug|Any CPU.ActiveCfg = Debug|Any CPU
		{709C1C66-8CA9-4DBF-837B-CC8C267FACE2}.Debug|Any CPU.Build.0 = Debug|Any CPU
		{709C1C66-8CA9-4DBF-837B-CC8C267FACE2}.Release|Any CPU.ActiveCfg = Release|Any CPU
		{709C1C66-8CA9-4DBF-837B-CC8C267FACE2}.Release|Any CPU.Build.0 = Release|Any CPU
		{8D8CA830-BA83-43FD-AD72-6057876C7491}.Debug|Any CPU.ActiveCfg = Debug|Any CPU
		{8D8CA830-BA83-43FD-AD72-6057876C7491}.Debug|Any CPU.Build.0 = Debug|Any CPU
		{8D8CA830-BA83-43FD-AD72-6057876C7491}.Release|Any CPU.ActiveCfg = Release|Any CPU
		{8D8CA830-BA83-43FD-AD72-6057876C7491}.Release|Any CPU.Build.0 = Release|Any CPU
	EndGlobalSection
	GlobalSection(SolutionProperties) = preSolution
		HideSolutionNode = FALSE
	EndGlobalSection
	GlobalSection(ExtensibilityGlobals) = postSolution
		SolutionGuid = {5FB99BD2-3286-4F8E-AAF7-CF5E8E630BF9}
	EndGlobalSection
EndGlobal
